{
  "object": {
    "pins": [
      {
        "package": "Commander",
        "repositoryURL": "https://github.com/mominul/Commander.git",
        "state": {
          "branch": null,
          "revision": "848d70c3f084b6d178dc4ab98b3097793dde486e",
          "version": "0.7.0"
        }
      },
      {
        "package": "Environ",
        "repositoryURL": "https://github.com/oarrabi/Environ.git",
        "state": {
          "branch": null,
          "revision": "56a09672277606f71e0400f910c1c3e81b22407a",
          "version": "0.1.0"
        }
      },
      {
        "package": "Environment",
        "repositoryURL": "https://github.com/mominul/Environment.git",
        "state": {
          "branch": null,
          "revision": "819de69fdbd1d13a47253bfff1a5588699941d84",
          "version": "0.7.0"
        }
      },
      {
        "package": "Process",
        "repositoryURL": "https://github.com/nsomar/Process.git",
        "state": {
          "branch": null,
          "revision": "fcb7e73615ff8b418a406860fd6d5f9cfa9bf624",
          "version": "0.1.2"
        }
      },
      {
        "package": "StringPlus",
        "repositoryURL": "https://github.com/mominul/StringPlus.git",
        "state": {
          "branch": null,
          "revision": "01ba70818b854871e5cbcaf0cc775696b2a07982",
          "version": "1.0.0"
        }
      }
    ]
  },
  "version": 1
}
